
Microsoft Visual Studio Solution File, Format Version 12.00
# Visual Studio 14
VisualStudioVersion = 14.0.25123.0
MinimumVisualStudioVersion = 10.0.40219.1
Project("{FAE04EC0-301F-11D3-BF4B-00C04F79EFBC}") = "kron", "kron\kron.csproj", "{AB95218B-F68A-4E82-AFF1-15A96779DBDF}"
EndProject
Project("{FAE04EC0-301F-11D3-BF4B-00C04F79EFBC}") = "kron_dev", "kron_dev\kron_dev.csproj", "{23E61BEC-5B7C-4062-B801-E1810D8D6B12}"
EndProject
Global
	GlobalSection(SolutionConfigurationPlatforms) = preSolution
		Debug|Any CPU = Debug|Any CPU
		Release|Any CPU = Release|Any CPU
	EndGlobalSection
	GlobalSection(ProjectConfigurationPlatforms) = postSolution
		{AB95218B-F68A-4E82-AFF1-15A96779DBDF}.Debug|Any CPU.ActiveCfg = Debug|Any CPU
		{AB95218B-F68A-4E82-AFF1-15A96779DBDF}.Debug|Any CPU.Build.0 = Debug|Any CPU
		{AB95218B-F68A-4E82-AFF1-15A96779DBDF}.Release|Any CPU.ActiveCfg = Release|Any CPU
		{AB95218B-F68A-4E82-AFF1-15A96779DBDF}.Release|Any CPU.Build.0 = Release|Any CPU
		{23E61BEC-5B7C-4062-B801-E1810D8D6B12}.Debug|Any CPU.ActiveCfg = Debug|Any CPU
		{23E61BEC-5B7C-4062-B801-E1810D8D6B12}.Debug|Any CPU.Build.0 = Debug|Any CPU
		{23E61BEC-5B7C-4062-B801-E1810D8D6B12}.Release|Any CPU.ActiveCfg = Release|Any CPU
		{23E61BEC-5B7C-4062-B801-E1810D8D6B12}.Release|Any CPU.Build.0 = Release|Any CPU
	EndGlobalSection
	GlobalSection(SolutionProperties) = preSolution
		HideSolutionNode = FALSE
	EndGlobalSection
EndGlobal
